
Microsoft Visual Studio Solution File, Format Version 12.00
# Visual Studio 15
VisualStudioVersion = 15.0.27004.2010
MinimumVisualStudioVersion = 10.0.40219.1
Project("{FAE04EC0-301F-11D3-BF4B-00C04F79EFBC}") = "CircleSpace", "CircleSpace\CircleSpace.csproj", "{8F586B96-510A-4EC0-B68C-4E3930113E6E}"
EndProject
Project("{FAE04EC0-301F-11D3-BF4B-00C04F79EFBC}") = "CircleSpaceServiceLib", "CircleSpaceServiceLib\CircleSpaceServiceLib.csproj", "{66EBA8E8-7C9C-450E-BEF3-1688CEEFD360}"
EndProject
Project("{FAE04EC0-301F-11D3-BF4B-00C04F79EFBC}") = "CircleSpaceGeneralModels", "CricleSpaceGeneralModels\CircleSpaceGeneralModels.csproj", "{C5803521-C402-4FED-A40D-C5198E23507C}"
EndProject
Project("{FAE04EC0-301F-11D3-BF4B-00C04F79EFBC}") = "CircleSpaceDAL", "CircleSpaceDAL\CircleSpaceDAL.csproj", "{CE781602-2353-4707-A091-029FDC0F3C9D}"
EndProject
Global
	GlobalSection(SolutionConfigurationPlatforms) = preSolution
		Debug|Any CPU = Debug|Any CPU
		Release|Any CPU = Release|Any CPU
	EndGlobalSection
	GlobalSection(ProjectConfigurationPlatforms) = postSolution
		{8F586B96-510A-4EC0-B68C-4E3930113E6E}.Debug|Any CPU.ActiveCfg = Debug|Any CPU
		{8F586B96-510A-4EC0-B68C-4E3930113E6E}.Debug|Any CPU.Build.0 = Debug|Any CPU
		{8F586B96-510A-4EC0-B68C-4E3930113E6E}.Release|Any CPU.ActiveCfg = Release|Any CPU
		{8F586B96-510A-4EC0-B68C-4E3930113E6E}.Release|Any CPU.Build.0 = Release|Any CPU
		{66EBA8E8-7C9C-450E-BEF3-1688CEEFD360}.Debug|Any CPU.ActiveCfg = Debug|Any CPU
		{66EBA8E8-7C9C-450E-BEF3-1688CEEFD360}.Debug|Any CPU.Build.0 = Debug|Any CPU
		{66EBA8E8-7C9C-450E-BEF3-1688CEEFD360}.Release|Any CPU.ActiveCfg = Release|Any CPU
		{66EBA8E8-7C9C-450E-BEF3-1688CEEFD360}.Release|Any CPU.Build.0 = Release|Any CPU
		{C5803521-C402-4FED-A40D-C5198E23507C}.Debug|Any CPU.ActiveCfg = Debug|Any CPU
		{C5803521-C402-4FED-A40D-C5198E23507C}.Debug|Any CPU.Build.0 = Debug|Any CPU
		{C5803521-C402-4FED-A40D-C5198E23507C}.Release|Any CPU.ActiveCfg = Release|Any CPU
		{C5803521-C402-4FED-A40D-C5198E23507C}.Release|Any CPU.Build.0 = Release|Any CPU
		{CE781602-2353-4707-A091-029FDC0F3C9D}.Debug|Any CPU.ActiveCfg = Debug|Any CPU
		{CE781602-2353-4707-A091-029FDC0F3C9D}.Debug|Any CPU.Build.0 = Debug|Any CPU
		{CE781602-2353-4707-A091-029FDC0F3C9D}.Release|Any CPU.ActiveCfg = Release|Any CPU
		{CE781602-2353-4707-A091-029FDC0F3C9D}.Release|Any CPU.Build.0 = Release|Any CPU
	EndGlobalSection
	GlobalSection(SolutionProperties) = preSolution
		HideSolutionNode = FALSE
	EndGlobalSection
	GlobalSection(ExtensibilityGlobals) = postSolution
		SolutionGuid = {1D881226-53DB-4914-A17D-878C966EC286}
	EndGlobalSection
EndGlobal
